
Microsoft Visual Studio Solution File, Format Version 12.00
Project("{FAE04EC0-301F-11D3-BF4B-00C04F79EFBC}") = "CustomDataType", "CustomDataType.csproj", "{31165B35-3816-4B9F-9E4C-CDEB40E0ECC0}"
EndProject
Global
	GlobalSection(SolutionConfigurationPlatforms) = preSolution
		Debug|Any CPU = Debug|Any CPU
		Release|Any CPU = Release|Any CPU
	EndGlobalSection
	GlobalSection(ProjectConfigurationPlatforms) = postSolution
		{31165B35-3816-4B9F-9E4C-CDEB40E0ECC0}.Debug|Any CPU.ActiveCfg = Debug|Any CPU
		{31165B35-3816-4B9F-9E4C-CDEB40E0ECC0}.Debug|Any CPU.Build.0 = Debug|Any CPU
		{31165B35-3816-4B9F-9E4C-CDEB40E0ECC0}.Release|Any CPU.ActiveCfg = Release|Any CPU
		{31165B35-3816-4B9F-9E4C-CDEB40E0ECC0}.Release|Any CPU.Build.0 = Release|Any CPU
	EndGlobalSection
EndGlobal
